lockfileVersion: '9.0'

settings:
  autoInstallPeers: true
  excludeLinksFromLockfile: false

importers:

  .:
    devDependencies:
      '@cloudflare/workers-types':
        specifier: ^4.20250409.0
        version: 4.20250409.0
      typescript:
        specifier: ^5.9.0
        version: 5.9.0-beta
      wrangler:
        specifier: ^4.0.0
        version: 4.21.2(@cloudflare/workers-types@4.20250409.0)

packages:
